
Microsoft Visual Studio Solution File, Format Version 12.00
# Visual Studio Version 17
VisualStudioVersion = 17.2.32519.379
MinimumVisualStudioVersion = 10.0.40219.1
Project("{FAE04EC0-301F-11D3-BF4B-00C04F79EFBC}") = "proiect", "proiect\proiect.csproj", "{73734A37-B095-4D27-90B4-97B3D3221B0D}"
EndProject
Global
	GlobalSection(SolutionConfigurationPlatforms) = preSolution
		Debug|Any CPU = Debug|Any CPU
		Release|Any CPU = Release|Any CPU
	EndGlobalSection
	GlobalSection(ProjectConfigurationPlatforms) = postSolution
		{73734A37-B095-4D27-90B4-97B3D3221B0D}.Debug|Any CPU.ActiveCfg = Debug|Any CPU
		{73734A37-B095-4D27-90B4-97B3D3221B0D}.Debug|Any CPU.Build.0 = Debug|Any CPU
		{73734A37-B095-4D27-90B4-97B3D3221B0D}.Release|Any CPU.ActiveCfg = Release|Any CPU
		{73734A37-B095-4D27-90B4-97B3D3221B0D}.Release|Any CPU.Build.0 = Release|Any CPU
	EndGlobalSection
	GlobalSection(SolutionProperties) = preSolution
		HideSolutionNode = FALSE
	EndGlobalSection
	GlobalSection(ExtensibilityGlobals) = postSolution
		SolutionGuid = {FFD5FE87-ED84-4B4D-9E83-C1C3B1062A05}
	EndGlobalSection
EndGlobal
